{"format_version":"1.0","provider_schemas":{"registry.terraform.io/cancom/cancom":{"provider":{"version":0,"block":{"attributes":{"role":{"type":"string","description":"Role to assume with the provided token. Resources are created with this role instead of the original principal","description_kind":"plain","optional":true},"service_registry":{"type":"string","description":"Service Registry to use for endpoint discovery","description_kind":"plain","optional":true},"token":{"type":"string","description":"API Token retrieved from [https://portal.cancom.io](https://portal.cancom.io)","description_kind":"plain","optional":true}},"description_kind":"plain"}},"resource_schemas":{"cancom_cmsmgw_connection":{"version":0,"block":{"attributes":{"cancom_networks":{"type":["list","string"],"description_kind":"plain","optional":true,"computed":true},"connection_profile":{"type":"string","description_kind":"plain","required":true},"customer_networks":{"type":["list","string"],"description_kind":"plain","optional":true,"computed":true},"customer_primary_gw_ip":{"type":"string","description_kind":"plain","required":true},"customer_secondary_gw_ip":{"type":"string","description_kind":"plain","optional":true},"deployment_state":{"type":"string","description_kind":"plain","computed":true},"id":{"type":"string","description_kind":"plain","computed":true},"ipsec_psk_a":{"type":"string","description_kind":"plain","optional":true,"computed":true},"ipsec_psk_b":{"type":"string","description_kind":"plain","optional":true,"computed":true},"mgw_id":{"type":"string","description_kind":"plain","required":true},"name_tag":{"type":"string","description_kind":"plain","optional":true}},"description":"Managed Gateway --- Represents a connection resource.","description_kind":"plain"}},"cancom_cmsmgw_gateway":{"version":0,"block":{"attributes":{"bastion_lite_linux":{"type":"bool","description_kind":"plain","optional":true},"bastion_lite_windows":{"type":"bool","description_kind":"plain","optional":true},"bastion_network":{"type":"string","description_kind":"plain","computed":true},"cancom_primary_gw_ip":{"type":"string","description_kind":"plain","computed":true},"cancom_secondary_gw_ip":{"type":"string","description_kind":"plain","computed":true},"customer":{"type":"string","description_kind":"plain","optional":true},"id":{"type":"string","description_kind":"plain","computed":true},"mgw_size":{"type":"string","description_kind":"plain","optional":true},"name_tag":{"type":"string","description_kind":"plain","optional":true},"nat_network":{"type":"string","description_kind":"plain","computed":true},"nat_translation":{"type":"bool","description_kind":"plain","optional":true},"state":{"type":"string","description_kind":"plain","computed":true},"tag":{"type":"string","description_kind":"plain","optional":true}},"description":"Managed Gateway --- Represents a gateway resource.","description_kind":"plain"}},"cancom_cmsmgw_translation":{"version":0,"block":{"attributes":{"customer_ip":{"type":"string","description_kind":"plain","required":true},"dns_zone":{"type":"string","description_kind":"plain","optional":true},"id":{"type":"string","description_kind":"plain","computed":true},"mgw_id":{"type":"string","description_kind":"plain","required":true},"name_tag":{"type":"string","description_kind":"plain","optional":true,"computed":true},"spark_ip":{"type":"string","description_kind":"plain","computed":true}},"description":"Managed Gateway --- Represents a translation resource.","description_kind":"plain"}},"cancom_dns_record":{"version":0,"block":{"attributes":{"comments":{"type":"string","description":"You can optionally add comments to records to describe their intended usage","description_kind":"plain","computed":true},"content":{"type":"string","description":"Target of the record","description_kind":"plain","required":true},"id":{"type":"string","description":"The uuid of the record","description_kind":"plain","computed":true},"last_change_date":{"type":"string","description":"The date at which the record was last updated","description_kind":"plain","computed":true},"name":{"type":"string","description":"Name of the record","description_kind":"plain","required":true},"tenant":{"type":"string","description":"The tenant that the record belongs to.","description_kind":"plain","optional":true},"ttl":{"type":"number","description":"TTL, if not set, defaults to the zones TTL","description_kind":"plain","required":true},"type":{"type":"string","description":"Type of the record (i.e. A, CNAME, ...)","description_kind":"plain","required":true},"zone_id":{"type":"string","description":"The uuid of the zone","description_kind":"plain","computed":true},"zone_name":{"type":"string","description":"Zone that this record belongs to","description_kind":"plain","required":true}},"description":"DNS --- Defines a DNS record.","description_kind":"plain"}},"cancom_dynamic_cloud_vpc_project":{"version":0,"block":{"attributes":{"created_by":{"type":"string","description":"The CRN of the user who created the VPC Project.","description_kind":"plain","computed":true},"creation_date":{"type":"string","description":"The timestamp of the date when the VPC Project was created.","description_kind":"plain","computed":true},"id":{"type":"string","description_kind":"plain","optional":true,"computed":true},"limits":{"type":["map","number"],"description":"The resource limits currently configured for this VPC Project.","description_kind":"plain","computed":true},"name":{"type":"string","description":"The user defined name used to construct the OpenStack project name with the schema `tenant-name`.  \nBy changing this value, the old project will be deleted and a new project with the new name will be created.\n\n!\u003e Changing this value will delete all resources in the VPC Project.","description_kind":"plain","required":true},"openstack_uuid":{"type":"string","description":"The uuid of the OpenStack Project.","description_kind":"plain","computed":true},"project_comment":{"type":"string","description":"A comment to describe what this VPC Project is used for.  \nBy changing this value, the old project will be deleted and a new project will be created.\n\n!\u003e Changing this value will delete all resources in the VPC Project.","description_kind":"plain","optional":true},"tenant":{"type":"string","description":"The id of the tenant this VPC Project belongs to.","description_kind":"plain","computed":true},"users":{"type":["set","string"],"description":"The list of users with access to the VPC Project. The list may only contains CRNs of human iam users.","description_kind":"plain","optional":true}},"block_types":{"timeouts":{"nesting_mode":"single","block":{"attributes":{"create":{"type":"string","description_kind":"plain","optional":true},"delete":{"type":"string","description_kind":"plain","optional":true}},"description_kind":"plain"}}},"description":"Dynamic Cloud --- Manage Dynamic Cloud VPC Projects lifecycle\n\nThis creates a Virtual Private Cloud (VPC) Project with the specified name and the optional comment. The parameter `users` can be used to specify which user should get access to the VPC Project.\n\n!\u003e Changing the `name` or `comment` will force the VPC Project to be recreated, i.e. all resources in the VPC Project will be deleted.","description_kind":"plain"}},"cancom_iam_policy":{"version":0,"block":{"attributes":{"id":{"type":"string","description_kind":"plain","optional":true,"computed":true},"principal":{"type":"string","description":"The principal that the policy should be applied to. Can be applied to Users, ServiceUsers, and Roles.","description_kind":"plain","required":true},"service":{"type":"string","description":"The service name to provide permissions for.","description_kind":"plain","required":true}},"block_types":{"policy":{"nesting_mode":"list","block":{"attributes":{"custom":{"type":["map","string"],"description":"Provide a customized policy. If `custom` is set, it is preferred over `profile`","description_kind":"plain","optional":true},"profile":{"type":"string","description":"Can be set to `reader`, or `full-access`. Applies either reader or administrative access to the service.","description_kind":"plain","optional":true}},"description":"You can choose either a profile or a custom policy.   \nThis block allows to setup policies using predefined profiles (`policy.profile`). Profile can either be `full-access` or `reader`, providing either administrative access to the service, or read-only access.  \nIf you want to manage policies on a find-grained basis, you can use `policy.custom` instead.\n\n~\u003e **Note:** `profile` and `custom` are not joined into a single policy. If both are provided, `custom` is preferred over `profile`, and `profile` will be ignored.\n\n~\u003e **Note:** Either `profile` or `custom` must be provided. Otherwise, this resource will fail.\n\n.","description_kind":"plain"},"min_items":1}},"description":"IAM --- Generate a new IAM policy and attach it to users, service users and roles.","description_kind":"plain"}},"cancom_iam_role":{"version":0,"block":{"attributes":{"created_at":{"type":"string","description":"The initial creation date of the role.","description_kind":"plain","computed":true},"created_by":{"type":"string","description":"The initial creator of the role.","description_kind":"plain","computed":true},"description":{"type":"string","description":"Description for what the role is used for.","description_kind":"plain","optional":true},"group":{"type":"string","description":"Group that the role belongs to.","description_kind":"plain","optional":true},"id":{"type":"string","description_kind":"plain","optional":true,"computed":true},"name":{"type":"string","description":"Name of the role. The name of the role must be unique in your account.","description_kind":"plain","required":true},"principal":{"type":"string","description":"CRN of the principal.","description_kind":"plain","computed":true},"tenant":{"type":"string","description":"Tenant that the role belongs to.","description_kind":"plain","computed":true}},"description":"IAM --- Role with short-term credentials.","description_kind":"plain"}},"cancom_iam_service_user":{"version":0,"block":{"attributes":{"created_at":{"type":"string","description":"The initial creation date of the service user.","description_kind":"plain","computed":true},"created_by":{"type":"string","description":"The initial creator of the service user.","description_kind":"plain","computed":true},"description":{"type":"string","description":"Description for what the service user is used for.","description_kind":"plain","optional":true},"group":{"type":"string","description":"Group that the service user belongs to.","description_kind":"plain","optional":true},"id":{"type":"string","description_kind":"plain","optional":true,"computed":true},"name":{"type":"string","description":"Name of the service user. The name must be unique in your account.","description_kind":"plain","required":true},"principal":{"type":"string","description":"CRN of the service user.","description_kind":"plain","computed":true},"session_hash":{"type":"string","description":"Deprecated. Must not be used.","description_kind":"plain","deprecated":true,"computed":true},"tenant":{"type":"string","description":"Tenant that the service user belongs to.","description_kind":"plain","computed":true}},"description":"IAM --- User with long-term credentials for automation purpose.","description_kind":"plain"}},"cancom_iam_user":{"version":0,"block":{"attributes":{"created_at":{"type":"string","description":"The initial creation date of the user.","description_kind":"plain","computed":true},"created_by":{"type":"string","description":"The initial creator of the user.","description_kind":"plain","computed":true},"description":{"type":"string","description":"Description for what the user is used for.","description_kind":"plain","optional":true},"group":{"type":"string","description":"Group that the user belongs to.","description_kind":"plain","optional":true},"id":{"type":"string","description_kind":"plain","optional":true,"computed":true},"name":{"type":"string","description":"Name of the user. The name must be unique in your account.","description_kind":"plain","required":true},"principal":{"type":"string","description":"CRN of the principal.","description_kind":"plain","computed":true},"tenant":{"type":"string","description":"Tenant that the user belongs to.","description_kind":"plain","computed":true}},"description":"IAM --- IAM user authenticated against the central CANCOM SSO.","description_kind":"plain"}},"cancom_ipam_host":{"version":0,"block":{"attributes":{"address":{"type":"string","description_kind":"plain","computed":true},"description":{"type":"string","description_kind":"plain","optional":true},"id":{"type":"string","description_kind":"plain","computed":true},"last_updated":{"type":"string","description_kind":"plain","computed":true},"name_tag":{"type":"string","description_kind":"plain","required":true},"network_crn":{"type":"string","description_kind":"plain","required":true},"qualifier":{"type":"string","description_kind":"plain","optional":true}},"description":"IP Management --- IPAM host allows you to assign host ip-addresses from a network that must be enabled for host assignment. The network is identified by it's id (crn).  \nYou manage networks and enable them for host-assignments by using the portal or the network resource of this provider.","description_kind":"plain"}},"cancom_ipam_instance":{"version":1,"block":{"attributes":{"created_at":{"type":"number","description_kind":"plain","computed":true},"description":{"type":"string","description_kind":"plain","optional":true},"id":{"type":"string","description_kind":"plain","computed":true},"managed_by":{"type":"string","description_kind":"plain","required":true},"name_tag":{"type":"string","description_kind":"plain","required":true},"release_wait_time":{"type":"number","description_kind":"plain","optional":true},"updated_at":{"type":"number","description_kind":"plain","computed":true}},"description":"IP Management --- An IPAM instance.","description_kind":"plain"}},"cancom_ipam_network":{"version":1,"block":{"attributes":{"created_at":{"type":"number","description_kind":"plain","computed":true},"description":{"type":"string","description_kind":"plain","optional":true},"host_assign":{"type":"bool","description_kind":"plain","optional":true},"id":{"type":"string","description_kind":"plain","computed":true},"name_tag":{"type":"string","description_kind":"plain","required":true},"prefix_str":{"type":"string","description_kind":"plain","computed":true},"request":{"type":"string","description_kind":"plain","required":true},"supernet_id":{"type":"string","description_kind":"plain","required":true},"updated_at":{"type":"number","description_kind":"plain","computed":true}},"description":"IP Management --- IPAM networks are assigned by the service from supernets.","description_kind":"plain"}},"cancom_ipam_supernet":{"version":1,"block":{"attributes":{"created_at":{"type":"number","description_kind":"plain","computed":true},"description":{"type":"string","description_kind":"plain","optional":true},"id":{"type":"string","description_kind":"plain","computed":true},"instance_id":{"type":"string","description_kind":"plain","required":true},"name_tag":{"type":"string","description_kind":"plain","required":true},"supernet_cidr":{"type":"string","description_kind":"plain","required":true},"updated_at":{"type":"number","description_kind":"plain","computed":true}},"description":"IP Management --- IPAM Supernets are larger aggregates that are further subnetted by the service.","description_kind":"plain"}},"cancom_object_storage_bucket":{"version":0,"block":{"attributes":{"availability_class":{"type":"string","description":"Name of the availability class. One of singleDc or multiDc.","description_kind":"plain","required":true},"bucket_name":{"type":"string","description":"Name of the bucket. The name must be unique GLOBALLY.","description_kind":"plain","required":true},"id":{"type":"string","description_kind":"plain","optional":true,"computed":true}},"description":"Object Storage --- Create and manage S3 buckets. Bucket names must be globally unique. ","description_kind":"plain"}},"cancom_object_storage_user":{"version":0,"block":{"attributes":{"access_key_id":{"type":"string","description":"The access key of the user. Only included if `include_credentials` is set to true.","description_kind":"plain","computed":true,"sensitive":true},"description":{"type":"string","description":"Description what the user is used for","description_kind":"plain","optional":true},"id":{"type":"string","description_kind":"plain","optional":true,"computed":true},"include_credentials":{"type":"bool","description":"Add the user credentials into the Terraform state. If set, `access_key_id` and `secret_access_key` will be populated into the state. Otherwise, an empty string will be written to the state. Please note that, since the credentials are only available once, manually regenerated credentials will not be synchronized into the state. If you must reroll the credentials, please consider recreating the user instead.","description_kind":"plain","optional":true},"permissions":{"type":"string","description":"The IAM permission document.","description_kind":"plain","required":true},"secret_access_key":{"type":"string","description":"Secret Access Key. Only included if `include_credentials` is set to true.","description_kind":"plain","computed":true,"sensitive":true},"username":{"type":"string","description":"Name of the user. The name must be unique inside your account.","description_kind":"plain","required":true}},"description":"Object Storage --- Create a new user for the S3 API and assign permissions to the user.\n\nYou can set IAM policy documents that adheres to the AWS Identity and Access Management (IAM) policy structure. \nThe document defines permissions using a JSON-based format, following the official [AWS specifications](https://docs.aws.amazon.com/IAM/latest/UserGuide/access_policies.html) for IAM policies. \n\nExample: \n\n```json\n{\n\t\"Statement\": [\n\t\t\t{\n\t\t\t\t\"Effect\": \"Allow\",\n\t\t\t\t\"Action\": \"*\",\n\t\t\t\t\"Resource\": \"*\"\n\t\t\t}\n\t]\n}\n```\n\nWe recommend using the `jsonencode` TerraForm function to convert your policy document into a JSON string.","description_kind":"plain"}},"cancom_ssl_monitoring_ssl_monitor":{"version":0,"block":{"attributes":{"auto_scan":{"type":"bool","description":"Only relevant on resource creation. Automatically starts a scan while creating the monitoring item. *This operation incurs a charge*","description_kind":"plain","optional":true},"comment":{"type":"string","description":"Comment that provides more details about the item, for example what to do when an alarm is raised","description_kind":"plain","optional":true},"contact_email_cancom":{"type":"string","description":"CANCOM contact person that is responsible to exchange the certificate.","description_kind":"plain","required":true},"contact_email_customer":{"type":"string","description":"Notification is send to the contact if an alarm is raised.","description_kind":"plain","optional":true},"created_at":{"type":"number","description":"When was the monitoring item created.","description_kind":"plain","computed":true},"created_by":{"type":"string","description":"Who created the monitoring item.","description_kind":"plain","computed":true},"domain_name":{"type":"string","description":"Domain name to monitor. A domain name can only be monitored once.","description_kind":"plain","required":true},"id":{"type":"string","description":"ID of the monitoring item.","description_kind":"plain","computed":true},"is_managed_by_cancom":{"type":"bool","description":"This item is managed by CANCOM, and a CANCOM employee is responsible to renew the certificate. Can only be set by CANCOM employees.","description_kind":"plain","optional":true},"last_updated_at":{"type":"number","description":"Datetime of the last update.","description_kind":"plain","computed":true},"last_updated_by":{"type":"string","description":"Who was the last principal to update the item.","description_kind":"plain","computed":true},"minimum_grade":{"type":"string","description":"Alert grade. If the score falls below this score, an alarm is raised.","description_kind":"plain","required":true},"not_after":{"type":"number","description":"Information from the certificate, when it is about to expire.","description_kind":"plain","computed":true},"port":{"type":"number","description":"The port to scan.","description_kind":"plain","optional":true},"protocol":{"type":"string","description":"The protocol to be monitored, i.e. `http`, `postgresql`, `smtp`, ...","description_kind":"plain","required":true},"ssl_scan_enabled":{"type":"bool","description":"Are scans scheduled, or do we not schedule them at this moment?.","description_kind":"plain","optional":true},"state":{"type":"string","description":"State, for example `finished` or `running`.","description_kind":"plain","computed":true},"tenant":{"type":"string","description":"The tenant that created the monitoring item.","description_kind":"plain","required":true}},"description":"SSL Monitoring --- A SSL monitor item.","description_kind":"plain"}},"cancom_windows_os_deployment":{"version":0,"block":{"attributes":{"customer_environment_id":{"type":"string","description":"ID of the customer environment.","description_kind":"plain","required":true},"customer_number":{"type":"string","description":"Customer number for Windows Management","description_kind":"plain","computed":true},"id":{"type":"string","description_kind":"plain","optional":true,"computed":true},"maintenance_window_id":{"type":["list","string"],"description":"List of maintenanceWindow IDs","description_kind":"plain","optional":true},"role":{"type":"string","description":"Role of the Machine - needs to match predefined roles.","description_kind":"plain","required":true},"services":{"type":["list","string"],"description":"Services deployed and delivered to machine","description_kind":"plain","required":true}},"description":"Windows OS --- CANCOM Managed Windows Cloud Server deployment resource allows you to send metadata to CANCOM Windows Server management platform.\n\nID and customer number need do be assigned to a created virtual machine with CANCOM Windows Images and allows the auto-registration, installation and integration to customer environment.","description_kind":"plain"}},"cancom_windows_os_deployment_progress":{"version":0,"block":{"attributes":{"deployment_id":{"type":"string","description":"ID of the deployment object","description_kind":"plain","required":true},"errorhandling":{"type":"string","description":"The errorhandling of deployment errors is configurable. If the output should be just warining and no interruption of the process is needed, please set the value to warning.\n\n\t\t\t\t!\u003e For multi staged deployments the value error is highly recommended.","description_kind":"plain","optional":true},"id":{"type":"string","description_kind":"plain","optional":true,"computed":true},"status":{"type":"string","description":"Status of the deployment","description_kind":"plain","computed":true}},"description":"Windows OS --- This data objects waits for CANCOM Manged Windows Cloud server deployment-system to complete. \n\t\t\nThis can be used for dependency tracking purposes and returns in case of failure errors.  \nThe required `deployment_id` represents the id of `cancom_windows_os_deployment` resource.","description_kind":"plain"}}},"data_source_schemas":{"cancom_windows_os_deployment_progress":{"version":0,"block":{"attributes":{"deployment_id":{"type":"string","description":"ID of the deployment object.","description_kind":"plain","required":true},"id":{"type":"string","description_kind":"plain","optional":true,"computed":true},"state":{"type":"string","description_kind":"plain","computed":true}},"description":"Windows OS --- This data objects waits for CANCOM Manged Windows Cloud server deployment-system to complete. \n\t\t\nThis can be used for dependency tracking purposes and returns in case of failure errors.  \nThe required `deployment_id` represents the id of `cancom_windows_os_deployment` resource.","description_kind":"plain"}}}}}}
